
Microsoft Visual Studio Solution File, Format Version 12.00
# Visual Studio Version 17
VisualStudioVersion = 17.0.31903.59
MinimumVisualStudioVersion = 10.0.40219.1
Project("{9A19103F-16F7-4668-BE54-9A1E7A4F7556}") = "eShop.Catalog.API", "eShop.Catalog.API\eShop.Catalog.API.csproj", "{458FDAA1-28E0-4985-AD39-D6ADE5C1DD99}"
EndProject
Project("{9A19103F-16F7-4668-BE54-9A1E7A4F7556}") = "eShop.Catalog.Domain", "eShop.Catalog.Domain\eShop.Catalog.Domain.csproj", "{DE15045A-A1BA-426F-9F76-D34DBB5ECA24}"
EndProject
Project("{9A19103F-16F7-4668-BE54-9A1E7A4F7556}") = "eShop.Catalog.Application", "eShop.Catalog.Application\eShop.Catalog.Application.csproj", "{6BF76FB2-0064-4968-8129-1957EC1767B5}"
EndProject
Project("{9A19103F-16F7-4668-BE54-9A1E7A4F7556}") = "eShop.Catalog.Infrastructure", "eShop.Catalog.Infrastructure\eShop.Catalog.Infrastructure.csproj", "{34173D70-D9FD-4D64-9CBA-2EE9FBACF31E}"
EndProject
Project("{FAE04EC0-301F-11D3-BF4B-00C04F79EFBC}") = "eShop.Common", "eShop.Common\eShop.Common.csproj", "{A07267F1-5F28-4A4F-AE83-3357ED86B06D}"
EndProject
Project("{2150E333-8FDC-42A3-9474-1A3956D46DE8}") = "Catalog", "Catalog", "{EAEC7B0C-92A9-4B12-86F8-201CBB2D3F2B}"
EndProject
Project("{2150E333-8FDC-42A3-9474-1A3956D46DE8}") = "Basket", "Basket", "{6EF72619-C06C-4206-B248-7C3EC6B47480}"
EndProject
Project("{FAE04EC0-301F-11D3-BF4B-00C04F79EFBC}") = "eShop.Basket.API", "eShop.Basket.API\eShop.Basket.API.csproj", "{E132D90E-21CD-461C-9296-EFC61306E3D7}"
EndProject
Project("{FAE04EC0-301F-11D3-BF4B-00C04F79EFBC}") = "eShop.Basket.Application", "eShop.Basket.Application\eShop.Basket.Application.csproj", "{C9837158-64D1-43D9-9646-BD51CEB8DECB}"
EndProject
Project("{FAE04EC0-301F-11D3-BF4B-00C04F79EFBC}") = "eShop.Basket.Domain", "eShop.Basket.Domain\eShop.Basket.Domain.csproj", "{FF4486CF-7C05-4917-AACE-9860CD6D84D0}"
EndProject
Project("{FAE04EC0-301F-11D3-BF4B-00C04F79EFBC}") = "eShop.Basket.Infrastructure", "eShop.Basket.Infrastructure\eShop.Basket.Infrastructure.csproj", "{0CE17EB3-4AAA-4F3E-8A0D-91D94946CF87}"
EndProject
Project("{2150E333-8FDC-42A3-9474-1A3956D46DE8}") = "Orders", "Orders", "{9B02FB37-7963-4FE5-AED4-D3F023A9AC59}"
EndProject
Project("{FAE04EC0-301F-11D3-BF4B-00C04F79EFBC}") = "eShop.Orders.Domain", "eShop.Orders.Domain\eShop.Orders.Domain.csproj", "{B3E7AA31-CCF3-46CE-B336-1A49D11C1291}"
EndProject
Project("{FAE04EC0-301F-11D3-BF4B-00C04F79EFBC}") = "eShop.Orders.Application", "eShop.Orders.Application\eShop.Orders.Application.csproj", "{B3F8C79E-B385-4472-BAB5-CBC176F98AE8}"
EndProject
Project("{FAE04EC0-301F-11D3-BF4B-00C04F79EFBC}") = "eShop.Orders.Infrastructure", "eShop.Orders.Infrastructure\eShop.Orders.Infrastructure.csproj", "{CF003664-1C0A-49C3-94FA-1F0BDFD597DF}"
EndProject
Project("{FAE04EC0-301F-11D3-BF4B-00C04F79EFBC}") = "eShop.Orders.API", "eShop.Orders.API\eShop.Orders.API.csproj", "{873F5FC1-0FA6-4923-AC05-FDB0FB2837BB}"
EndProject
Global
	GlobalSection(SolutionConfigurationPlatforms) = preSolution
		Debug|Any CPU = Debug|Any CPU
		Release|Any CPU = Release|Any CPU
	EndGlobalSection
	GlobalSection(ProjectConfigurationPlatforms) = postSolution
		{458FDAA1-28E0-4985-AD39-D6ADE5C1DD99}.Debug|Any CPU.ActiveCfg = Debug|Any CPU
		{458FDAA1-28E0-4985-AD39-D6ADE5C1DD99}.Debug|Any CPU.Build.0 = Debug|Any CPU
		{458FDAA1-28E0-4985-AD39-D6ADE5C1DD99}.Release|Any CPU.ActiveCfg = Release|Any CPU
		{458FDAA1-28E0-4985-AD39-D6ADE5C1DD99}.Release|Any CPU.Build.0 = Release|Any CPU
		{DE15045A-A1BA-426F-9F76-D34DBB5ECA24}.Debug|Any CPU.ActiveCfg = Debug|Any CPU
		{DE15045A-A1BA-426F-9F76-D34DBB5ECA24}.Debug|Any CPU.Build.0 = Debug|Any CPU
		{DE15045A-A1BA-426F-9F76-D34DBB5ECA24}.Release|Any CPU.ActiveCfg = Release|Any CPU
		{DE15045A-A1BA-426F-9F76-D34DBB5ECA24}.Release|Any CPU.Build.0 = Release|Any CPU
		{6BF76FB2-0064-4968-8129-1957EC1767B5}.Debug|Any CPU.ActiveCfg = Debug|Any CPU
		{6BF76FB2-0064-4968-8129-1957EC1767B5}.Debug|Any CPU.Build.0 = Debug|Any CPU
		{6BF76FB2-0064-4968-8129-1957EC1767B5}.Release|Any CPU.ActiveCfg = Release|Any CPU
		{6BF76FB2-0064-4968-8129-1957EC1767B5}.Release|Any CPU.Build.0 = Release|Any CPU
		{34173D70-D9FD-4D64-9CBA-2EE9FBACF31E}.Debug|Any CPU.ActiveCfg = Debug|Any CPU
		{34173D70-D9FD-4D64-9CBA-2EE9FBACF31E}.Debug|Any CPU.Build.0 = Debug|Any CPU
		{34173D70-D9FD-4D64-9CBA-2EE9FBACF31E}.Release|Any CPU.ActiveCfg = Release|Any CPU
		{34173D70-D9FD-4D64-9CBA-2EE9FBACF31E}.Release|Any CPU.Build.0 = Release|Any CPU
		{A07267F1-5F28-4A4F-AE83-3357ED86B06D}.Debug|Any CPU.ActiveCfg = Debug|Any CPU
		{A07267F1-5F28-4A4F-AE83-3357ED86B06D}.Debug|Any CPU.Build.0 = Debug|Any CPU
		{A07267F1-5F28-4A4F-AE83-3357ED86B06D}.Release|Any CPU.ActiveCfg = Release|Any CPU
		{A07267F1-5F28-4A4F-AE83-3357ED86B06D}.Release|Any CPU.Build.0 = Release|Any CPU
		{E132D90E-21CD-461C-9296-EFC61306E3D7}.Debug|Any CPU.ActiveCfg = Debug|Any CPU
		{E132D90E-21CD-461C-9296-EFC61306E3D7}.Debug|Any CPU.Build.0 = Debug|Any CPU
		{E132D90E-21CD-461C-9296-EFC61306E3D7}.Release|Any CPU.ActiveCfg = Release|Any CPU
		{E132D90E-21CD-461C-9296-EFC61306E3D7}.Release|Any CPU.Build.0 = Release|Any CPU
		{C9837158-64D1-43D9-9646-BD51CEB8DECB}.Debug|Any CPU.ActiveCfg = Debug|Any CPU
		{C9837158-64D1-43D9-9646-BD51CEB8DECB}.Debug|Any CPU.Build.0 = Debug|Any CPU
		{C9837158-64D1-43D9-9646-BD51CEB8DECB}.Release|Any CPU.ActiveCfg = Release|Any CPU
		{C9837158-64D1-43D9-9646-BD51CEB8DECB}.Release|Any CPU.Build.0 = Release|Any CPU
		{FF4486CF-7C05-4917-AACE-9860CD6D84D0}.Debug|Any CPU.ActiveCfg = Debug|Any CPU
		{FF4486CF-7C05-4917-AACE-9860CD6D84D0}.Debug|Any CPU.Build.0 = Debug|Any CPU
		{FF4486CF-7C05-4917-AACE-9860CD6D84D0}.Release|Any CPU.ActiveCfg = Release|Any CPU
		{FF4486CF-7C05-4917-AACE-9860CD6D84D0}.Release|Any CPU.Build.0 = Release|Any CPU
		{0CE17EB3-4AAA-4F3E-8A0D-91D94946CF87}.Debug|Any CPU.ActiveCfg = Debug|Any CPU
		{0CE17EB3-4AAA-4F3E-8A0D-91D94946CF87}.Debug|Any CPU.Build.0 = Debug|Any CPU
		{0CE17EB3-4AAA-4F3E-8A0D-91D94946CF87}.Release|Any CPU.ActiveCfg = Release|Any CPU
		{0CE17EB3-4AAA-4F3E-8A0D-91D94946CF87}.Release|Any CPU.Build.0 = Release|Any CPU
		{B3E7AA31-CCF3-46CE-B336-1A49D11C1291}.Debug|Any CPU.ActiveCfg = Debug|Any CPU
		{B3E7AA31-CCF3-46CE-B336-1A49D11C1291}.Debug|Any CPU.Build.0 = Debug|Any CPU
		{B3E7AA31-CCF3-46CE-B336-1A49D11C1291}.Release|Any CPU.ActiveCfg = Release|Any CPU
		{B3E7AA31-CCF3-46CE-B336-1A49D11C1291}.Release|Any CPU.Build.0 = Release|Any CPU
		{B3F8C79E-B385-4472-BAB5-CBC176F98AE8}.Debug|Any CPU.ActiveCfg = Debug|Any CPU
		{B3F8C79E-B385-4472-BAB5-CBC176F98AE8}.Debug|Any CPU.Build.0 = Debug|Any CPU
		{B3F8C79E-B385-4472-BAB5-CBC176F98AE8}.Release|Any CPU.ActiveCfg = Release|Any CPU
		{B3F8C79E-B385-4472-BAB5-CBC176F98AE8}.Release|Any CPU.Build.0 = Release|Any CPU
		{CF003664-1C0A-49C3-94FA-1F0BDFD597DF}.Debug|Any CPU.ActiveCfg = Debug|Any CPU
		{CF003664-1C0A-49C3-94FA-1F0BDFD597DF}.Debug|Any CPU.Build.0 = Debug|Any CPU
		{CF003664-1C0A-49C3-94FA-1F0BDFD597DF}.Release|Any CPU.ActiveCfg = Release|Any CPU
		{CF003664-1C0A-49C3-94FA-1F0BDFD597DF}.Release|Any CPU.Build.0 = Release|Any CPU
		{873F5FC1-0FA6-4923-AC05-FDB0FB2837BB}.Debug|Any CPU.ActiveCfg = Debug|Any CPU
		{873F5FC1-0FA6-4923-AC05-FDB0FB2837BB}.Debug|Any CPU.Build.0 = Debug|Any CPU
		{873F5FC1-0FA6-4923-AC05-FDB0FB2837BB}.Release|Any CPU.ActiveCfg = Release|Any CPU
		{873F5FC1-0FA6-4923-AC05-FDB0FB2837BB}.Release|Any CPU.Build.0 = Release|Any CPU
	EndGlobalSection
	GlobalSection(SolutionProperties) = preSolution
		HideSolutionNode = FALSE
	EndGlobalSection
	GlobalSection(NestedProjects) = preSolution
		{458FDAA1-28E0-4985-AD39-D6ADE5C1DD99} = {EAEC7B0C-92A9-4B12-86F8-201CBB2D3F2B}
		{6BF76FB2-0064-4968-8129-1957EC1767B5} = {EAEC7B0C-92A9-4B12-86F8-201CBB2D3F2B}
		{DE15045A-A1BA-426F-9F76-D34DBB5ECA24} = {EAEC7B0C-92A9-4B12-86F8-201CBB2D3F2B}
		{34173D70-D9FD-4D64-9CBA-2EE9FBACF31E} = {EAEC7B0C-92A9-4B12-86F8-201CBB2D3F2B}
		{E132D90E-21CD-461C-9296-EFC61306E3D7} = {6EF72619-C06C-4206-B248-7C3EC6B47480}
		{C9837158-64D1-43D9-9646-BD51CEB8DECB} = {6EF72619-C06C-4206-B248-7C3EC6B47480}
		{FF4486CF-7C05-4917-AACE-9860CD6D84D0} = {6EF72619-C06C-4206-B248-7C3EC6B47480}
		{0CE17EB3-4AAA-4F3E-8A0D-91D94946CF87} = {6EF72619-C06C-4206-B248-7C3EC6B47480}
		{B3E7AA31-CCF3-46CE-B336-1A49D11C1291} = {9B02FB37-7963-4FE5-AED4-D3F023A9AC59}
		{B3F8C79E-B385-4472-BAB5-CBC176F98AE8} = {9B02FB37-7963-4FE5-AED4-D3F023A9AC59}
		{CF003664-1C0A-49C3-94FA-1F0BDFD597DF} = {9B02FB37-7963-4FE5-AED4-D3F023A9AC59}
		{873F5FC1-0FA6-4923-AC05-FDB0FB2837BB} = {9B02FB37-7963-4FE5-AED4-D3F023A9AC59}
	EndGlobalSection
EndGlobal
